
Microsoft Visual Studio Solution File, Format Version 12.00
# Visual Studio Version 17
VisualStudioVersion = 17.13.35818.85 d17.13
MinimumVisualStudioVersion = 10.0.40219.1
Project("{FAE04EC0-301F-11D3-BF4B-00C04F79EFBC}") = "ConsoleApp1", "ConsoleApp1\ConsoleApp1.csproj", "{06DD97F3-00BD-4F7F-9B9F-AF2D52B8A6A3}"
EndProject
Global
	GlobalSection(SolutionConfigurationPlatforms) = preSolution
		Debug|Any CPU = Debug|Any CPU
		Release|Any CPU = Release|Any CPU
	EndGlobalSection
	GlobalSection(ProjectConfigurationPlatforms) = postSolution
		{06DD97F3-00BD-4F7F-9B9F-AF2D52B8A6A3}.Debug|Any CPU.ActiveCfg = Debug|Any CPU
		{06DD97F3-00BD-4F7F-9B9F-AF2D52B8A6A3}.Debug|Any CPU.Build.0 = Debug|Any CPU
		{06DD97F3-00BD-4F7F-9B9F-AF2D52B8A6A3}.Release|Any CPU.ActiveCfg = Release|Any CPU
		{06DD97F3-00BD-4F7F-9B9F-AF2D52B8A6A3}.Release|Any CPU.Build.0 = Release|Any CPU
	EndGlobalSection
	GlobalSection(SolutionProperties) = preSolution
		HideSolutionNode = FALSE
	EndGlobalSection
	GlobalSection(ExtensibilityGlobals) = postSolution
		SolutionGuid = {88A58973-8602-4147-998F-97E82D776A3B}
	EndGlobalSection
EndGlobal
